
Microsoft Visual Studio Solution File, Format Version 12.00
# Visual Studio Version 17
VisualStudioVersion = 17.9.34607.119
MinimumVisualStudioVersion = 10.0.40219.1
Project("{9A19103F-16F7-4668-BE54-9A1E7A4F7556}") = "OPBeam", "OPBeam.csproj", "{CBBA864E-CECB-4AF0-B7D4-4D4565C2CD70}"
EndProject
Global
	GlobalSection(SolutionConfigurationPlatforms) = preSolution
		Debug|Any CPU = Debug|Any CPU
		Release|Any CPU = Release|Any CPU
	EndGlobalSection
	GlobalSection(ProjectConfigurationPlatforms) = postSolution
		{CBBA864E-CECB-4AF0-B7D4-4D4565C2CD70}.Debug|Any CPU.ActiveCfg = Debug|Any CPU
		{CBBA864E-CECB-4AF0-B7D4-4D4565C2CD70}.Debug|Any CPU.Build.0 = Debug|Any CPU
		{CBBA864E-CECB-4AF0-B7D4-4D4565C2CD70}.Release|Any CPU.ActiveCfg = Release|Any CPU
		{CBBA864E-CECB-4AF0-B7D4-4D4565C2CD70}.Release|Any CPU.Build.0 = Release|Any CPU
	EndGlobalSection
	GlobalSection(SolutionProperties) = preSolution
		HideSolutionNode = FALSE
	EndGlobalSection
	GlobalSection(ExtensibilityGlobals) = postSolution
		SolutionGuid = {B5999FED-9BBC-46F6-BBBF-CF2E78C5C390}
	EndGlobalSection
EndGlobal
